// !$*UTF8*$!
{
	archiveVersion = 1;
	classes = {
	};
	objectVersion = 50;
	objects = {

/* Begin PBXBuildFile section */
		B36FE0A823E2E24A00F2665B /* AppDelegate.swift in Sources */ = {isa = PBXBuildFile; fileRef = B36FE0A723E2E24A00F2665B /* AppDelegate.swift */; };
		B36FE0AA23E2E24A00F2665B /* SceneDelegate.swift in Sources */ = {isa = PBXBuildFile; fileRef = B36FE0A923E2E24A00F2665B /* SceneDelegate.swift */; };
		B36FE0AC23E2E24A00F2665B /* ContentView.swift in Sources */ = {isa = PBXBuildFile; fileRef = B36FE0AB23E2E24A00F2665B /* ContentView.swift */; };
		B36FE0AE23E2E24B00F2665B /* Assets.xcassets in Resources */ = {isa = PBXBuildFile; fileRef = B36FE0AD23E2E24B00F2665B /* Assets.xcassets */; };
		B36FE0B123E2E24B00F2665B /* Preview Assets.xcassets in Resources */ = {isa = PBXBuildFile; fileRef = B36FE0B023E2E24B00F2665B /* Preview Assets.xcassets */; };
		B36FE0B423E2E24B00F2665B /* LaunchScreen.storyboard in Resources */ = {isa = PBXBuildFile; fileRef = B36FE0B223E2E24B00F2665B /* LaunchScreen.storyboard */; };
		B36FE0BF23E2E24B00F2665B /* MoviesTests.swift in Sources */ = {isa = PBXBuildFile; fileRef = B36FE0BE23E2E24B00F2665B /* MoviesTests.swift */; };
		B36FE0CA23E2E24B00F2665B /* MoviesUITests.swift in Sources */ = {isa = PBXBuildFile; fileRef = B36FE0C923E2E24B00F2665B /* MoviesUITests.swift */; };
/* End PBXBuildFile section */

/* Begin PBXContainerItemProxy section */
		B36FE0BB23E2E24B00F2665B /* PBXContainerItemProxy */ = {
			isa = PBXContainerItemProxy;
			containerPortal = B36FE09C23E2E24A00F2665B /* Project object */;
			proxyType = 1;
			remoteGlobalIDString = B36FE0A323E2E24A00F2665B;
			remoteInfo = Movies;
		};
		B36FE0C623E2E24B00F2665B /* PBXContainerItemProxy */ = {
			isa = PBXContainerItemProxy;
			containerPortal = B36FE09C23E2E24A00F2665B /* Project object */;
			proxyType = 1;
			remoteGlobalIDString = B36FE0A323E2E24A00F2665B;
			remoteInfo = Movies;
		};
/* End PBXContainerItemProxy section */

/* Begin PBXFileReference section */
		B36FE0A423E2E24A00F2665B /* Movies.app */ = {isa = PBXFileReference; explicitFileType = wrapper.application; includeInIndex = 0; path = Movies.app; sourceTree = BUILT_PRODUCTS_DIR; };
		B36FE0A723E2E24A00F2665B /* AppDelegate.swift */ = {isa = PBXFileReference; lastKnownFileType = sourcecode.swift; path = AppDelegate.swift; sourceTree = "<group>"; };
		B36FE0A923E2E24A00F2665B /* SceneDelegate.swift */ = {isa = PBXFileReference; lastKnownFileType = sourcecode.swift; path = SceneDelegate.swift; sourceTree = "<group>"; };
		B36FE0AB23E2E24A00F2665B /* ContentView.swift */ = {isa = PBXFileReference; lastKnownFileType = sourcecode.swift; path = ContentView.swift; sourceTree = "<group>"; };
		B36FE0AD23E2E24B00F2665B /* Assets.xcassets */ = {isa = PBXFileReference; lastKnownFileType = folder.assetcatalog; path = Assets.xcassets; sourceTree = "<group>"; };
		B36FE0B023E2E24B00F2665B /* Preview Assets.xcassets */ = {isa = PBXFileReference; lastKnownFileType = folder.assetcatalog; path = "Preview Assets.xcassets"; sourceTree = "<group>"; };
		B36FE0B323E2E24B00F2665B /* Base */ = {isa = PBXFileReference; lastKnownFileType = file.storyboard; name = Base; path = Base.lproj/LaunchScreen.storyboard; sourceTree = "<group>"; };
		B36FE0B523E2E24B00F2665B /* Info.plist */ = {isa = PBXFileReference; lastKnownFileType = text.plist.xml; path = Info.plist; sourceTree = "<group>"; };
		B36FE0BA23E2E24B00F2665B /* MoviesTests.xctest */ = {isa = PBXFileReference; explicitFileType = wrapper.cfbundle; includeInIndex = 0; path = MoviesTests.xctest; sourceTree = BUILT_PRODUCTS_DIR; };
		B36FE0BE23E2E24B00F2665B /* MoviesTests.swift */ = {isa = PBXFileReference; lastKnownFileType = sourcecode.swift; path = MoviesTests.swift; sourceTree = "<group>"; };
		B36FE0C023E2E24B00F2665B /* Info.plist */ = {isa = PBXFileReference; lastKnownFileType = text.plist.xml; path = Info.plist; sourceTree = "<group>"; };
		B36FE0C523E2E24B00F2665B /* MoviesUITests.xctest */ = {isa = PBXFileReference; explicitFileType = wrapper.cfbundle; includeInIndex = 0; path = MoviesUITests.xctest; sourceTree = BUILT_PRODUCTS_DIR; };
		B36FE0C923E2E24B00F2665B /* MoviesUITests.swift */ = {isa = PBXFileReference; lastKnownFileType = sourcecode.swift; path = MoviesUITests.swift; sourceTree = "<group>"; };
		B36FE0CB23E2E24B00F2665B /* Info.plist */ = {isa = PBXFileReference; lastKnownFileType = text.plist.xml; path = Info.plist; sourceTree = "<group>"; };
/* End PBXFileReference section */

/* Begin PBXFrameworksBuildPhase section */
		B36FE0A123E2E24A00F2665B /* Frameworks */ = {
			isa = PBXFrameworksBuildPhase;
			buildActionMask = 2147483647;
			files = (
			);
			runOnlyForDeploymentPostprocessing = 0;
		};
		B36FE0B723E2E24B00F2665B /* Frameworks */ = {
			isa = PBXFrameworksBuildPhase;
			buildActionMask = 2147483647;
			files = (
			);
			runOnlyForDeploymentPostprocessing = 0;
		};
		B36FE0C223E2E24B00F2665B /* Frameworks */ = {
			isa = PBXFrameworksBuildPhase;
			buildActionMask = 2147483647;
			files = (
			);
			runOnlyForDeploymentPostprocessing = 0;
		};
/* End PBXFrameworksBuildPhase section */

/* Begin PBXGroup section */
		B36FE09B23E2E24A00F2665B = {
			isa = PBXGroup;
			children = (
				B36FE0A623E2E24A00F2665B /* Movies */,
				B36FE0BD23E2E24B00F2665B /* MoviesTests */,
				B36FE0C823E2E24B00F2665B /* MoviesUITests */,
				B36FE0A523E2E24A00F2665B /* Products */,
			);
			sourceTree = "<group>";
		};
		B36FE0A523E2E24A00F2665B /* Products */ = {
			isa = PBXGroup;
			children = (
				B36FE0A423E2E24A00F2665B /* Movies.app */,
				B36FE0BA23E2E24B00F2665B /* MoviesTests.xctest */,
				B36FE0C523E2E24B00F2665B /* MoviesUITests.xctest */,
			);
			name = Products;
			sourceTree = "<group>";
		};
		B36FE0A623E2E24A00F2665B /* Movies */ = {
			isa = PBXGroup;
			children = (
				B36FE0A723E2E24A00F2665B /* AppDelegate.swift */,
				B36FE0A923E2E24A00F2665B /* SceneDelegate.swift */,
				B36FE0AB23E2E24A00F2665B /* ContentView.swift */,
				B36FE0AD23E2E24B00F2665B /* Assets.xcassets */,
				B36FE0B223E2E24B00F2665B /* LaunchScreen.storyboard */,
				B36FE0B523E2E24B00F2665B /* Info.plist */,
				B36FE0AF23E2E24B00F2665B /* Preview Content */,
			);
			path = Movies;
			sourceTree = "<group>";
		};
		B36FE0AF23E2E24B00F2665B /* Preview Content */ = {
			isa = PBXGroup;
			children = (
				B36FE0B023E2E24B00F2665B /* Preview Assets.xcassets */,
			);
			path = "Preview Content";
			sourceTree = "<group>";
		};
		B36FE0BD23E2E24B00F2665B /* MoviesTests */ = {
			isa = PBXGroup;
			children = (
				B36FE0BE23E2E24B00F2665B /* MoviesTests.swift */,
				B36FE0C023E2E24B00F2665B /* Info.plist */,
			);
			path = MoviesTests;
			sourceTree = "<group>";
		};
		B36FE0C823E2E24B00F2665B /* MoviesUITests */ = {
			isa = PBXGroup;
			children = (
				B36FE0C923E2E24B00F2665B /* MoviesUITests.swift */,
				B36FE0CB23E2E24B00F2665B /* Info.plist */,
			);
			path = MoviesUITests;
			sourceTree = "<group>";
		};
/* End PBXGroup section */

/* Begin PBXNativeTarget section */
		B36FE0A323E2E24A00F2665B /* Movies */ = {
			isa = PBXNativeTarget;
			buildConfigurationList = B36FE0CE23E2E24B00F2665B /* Build configuration list for PBXNativeTarget "Movies" */;
			buildPhases = (
				B36FE0A023E2E24A00F2665B /* Sources */,
				B36FE0A123E2E24A00F2665B /* Frameworks */,
				B36FE0A223E2E24A00F2665B /* Resources */,
			);
			buildRules = (
			);
			dependencies = (
			);
			name = Movies;
			productName = Movies;
			productReference = B36FE0A423E2E24A00F2665B /* Movies.app */;
			productType = "com.apple.product-type.application";
		};
		B36FE0B923E2E24B00F2665B /* MoviesTests */ = {
			isa = PBXNativeTarget;
			buildConfigurationList = B36FE0D123E2E24B00F2665B /* Build configuration list for PBXNativeTarget "MoviesTests" */;
			buildPhases = (
				B36FE0B623E2E24B00F2665B /* Sources */,
				B36FE0B723E2E24B00F2665B /* Frameworks */,
				B36FE0B823E2E24B00F2665B /* Resources */,
			);
			buildRules = (
			);
			dependencies = (
				B36FE0BC23E2E24B00F2665B /* PBXTargetDependency */,
			);
			name = MoviesTests;
			productName = MoviesTests;
			productReference = B36FE0BA23E2E24B00F2665B /* MoviesTests.xctest */;
			productType = "com.apple.product-type.bundle.unit-test";
		};
		B36FE0C423E2E24B00F2665B /* MoviesUITests */ = {
			isa = PBXNativeTarget;
			buildConfigurationList = B36FE0D423E2E24B00F2665B /* Build configuration list for PBXNativeTarget "MoviesUITests" */;
			buildPhases = (
				B36FE0C123E2E24B00F2665B /* Sources */,
				B36FE0C223E2E24B00F2665B /* Frameworks */,
				B36FE0C323E2E24B00F2665B /* Resources */,
			);
			buildRules = (
			);
			dependencies = (
				B36FE0C723E2E24B00F2665B /* PBXTargetDependency */,
			);
			name = MoviesUITests;
			productName = MoviesUITests;
			productReference = B36FE0C523E2E24B00F2665B /* MoviesUITests.xctest */;
			productType = "com.apple.product-type.bundle.ui-testing";
		};
/* End PBXNativeTarget section */

/* Begin PBXProject section */
		B36FE09C23E2E24A00F2665B /* Project object */ = {
			isa = PBXProject;
			attributes = {
				LastSwiftUpdateCheck = 1130;
				LastUpgradeCheck = 1130;
				ORGANIZATIONNAME = 13216146;
				TargetAttributes = {
					B36FE0A323E2E24A00F2665B = {
						CreatedOnToolsVersion = 11.3.1;
					};
					B36FE0B923E2E24B00F2665B = {
						CreatedOnToolsVersion = 11.3.1;
						TestTargetID = B36FE0A323E2E24A00F2665B;
					};
					B36FE0C423E2E24B00F2665B = {
						CreatedOnToolsVersion = 11.3.1;
						TestTargetID = B36FE0A323E2E24A00F2665B;
					};
				};
			};
			buildConfigurationList = B36FE09F23E2E24A00F2665B /* Build configuration list for PBXProject "Movies" */;
			compatibilityVersion = "Xcode 9.3";
			developmentRegion = en;
			hasScannedForEncodings = 0;
			knownRegions = (
				en,
				Base,
			);
			mainGroup = B36FE09B23E2E24A00F2665B;
			productRefGroup = B36FE0A523E2E24A00F2665B /* Products */;
			projectDirPath = "";
			projectRoot = "";
			targets = (
				B36FE0A323E2E24A00F2665B /* Movies */,
				B36FE0B923E2E24B00F2665B /* MoviesTests */,
				B36FE0C423E2E24B00F2665B /* MoviesUITests */,
			);
		};
/* End PBXProject section */

/* Begin PBXResourcesBuildPhase section */
		B36FE0A223E2E24A00F2665B /* Resources */ = {
			isa = PBXResourcesBuildPhase;
			buildActionMask = 2147483647;
			files = (
				B36FE0B423E2E24B00F2665B /* LaunchScreen.storyboard in Resources */,
				B36FE0B123E2E24B00F2665B /* Preview Assets.xcassets in Resources */,
				B36FE0AE23E2E24B00F2665B /* Assets.xcassets in Resources */,
			);
			runOnlyForDeploymentPostprocessing = 0;
		};
		B36FE0B823E2E24B00F2665B /* Resources */ = {
			isa = PBXResourcesBuildPhase;
			buildActionMask = 2147483647;
			files = (
			);
			runOnlyForDeploymentPostprocessing = 0;
		};
		B36FE0C323E2E24B00F2665B /* Resources */ = {
			isa = PBXResourcesBuildPhase;
			buildActionMask = 2147483647;
			files = (
			);
			runOnlyForDeploymentPostprocessing = 0;
		};
/* End PBXResourcesBuildPhase section */

/* Begin PBXSourcesBuildPhase section */
		B36FE0A023E2E24A00F2665B /* Sources */ = {
			isa = PBXSourcesBuildPhase;
			buildActionMask = 2147483647;
			files = (
				B36FE0A823E2E24A00F2665B /* AppDelegate.swift in Sources */,
				B36FE0AA23E2E24A00F2665B /* SceneDelegate.swift in Sources */,
				B36FE0AC23E2E24A00F2665B /* ContentView.swift in Sources */,
			);
			runOnlyForDeploymentPostprocessing = 0;
		};
		B36FE0B623E2E24B00F2665B /* Sources */ = {
			isa = PBXSourcesBuildPhase;
			buildActionMask = 2147483647;
			files = (
				B36FE0BF23E2E24B00F2665B /* MoviesTests.swift in Sources */,
			);
			runOnlyForDeploymentPostprocessing = 0;
		};
		B36FE0C123E2E24B00F2665B /* Sources */ = {
			isa = PBXSourcesBuildPhase;
			buildActionMask = 2147483647;
			files = (
				B36FE0CA23E2E24B00F2665B /* MoviesUITests.swift in Sources */,
			);
			runOnlyForDeploymentPostprocessing = 0;
		};
/* End PBXSourcesBuildPhase section */

/* Begin PBXTargetDependency section */
		B36FE0BC23E2E24B00F2665B /* PBXTargetDependency */ = {
			isa = PBXTargetDependency;
			target = B36FE0A323E2E24A00F2665B /* Movies */;
			targetProxy = B36FE0BB23E2E24B00F2665B /* PBXContainerItemProxy */;
		};
		B36FE0C723E2E24B00F2665B /* PBXTargetDependency */ = {
			isa = PBXTargetDependency;
			target = B36FE0A323E2E24A00F2665B /* Movies */;
			targetProxy = B36FE0C623E2E24B00F2665B /* PBXContainerItemProxy */;
		};
/* End PBXTargetDependency section */

/* Begin PBXVariantGroup section */
		B36FE0B223E2E24B00F2665B /* LaunchScreen.storyboard */ = {
			isa = PBXVariantGroup;
			children = (
				B36FE0B323E2E24B00F2665B /* Base */,
			);
			name = LaunchScreen.storyboard;
			sourceTree = "<group>";
		};
/* End PBXVariantGroup section */

/* Begin XCBuildConfiguration section */
		B36FE0CC23E2E24B00F2665B /* Debug */ = {
			isa = XCBuildConfiguration;
			buildSettings = {
				ALWAYS_SEARCH_USER_PATHS = NO;
				CLANG_ANALYZER_NONNULL = YES;
				CLANG_ANALYZER_NUMBER_OBJECT_CONVERSION = YES_AGGRESSIVE;
				CLANG_CXX_LANGUAGE_STANDARD = "gnu++14";
				CLANG_CXX_LIBRARY = "libc++";
				CLANG_ENABLE_MODULES = YES;
				CLANG_ENABLE_OBJC_ARC = YES;
				CLANG_ENABLE_OBJC_WEAK = YES;
				CLANG_WARN_BLOCK_CAPTURE_AUTORELEASING = YES;
				CLANG_WARN_BOOL_CONVERSION = YES;
				CLANG_WARN_COMMA = YES;
				CLANG_WARN_CONSTANT_CONVERSION = YES;
				CLANG_WARN_DEPRECATED_OBJC_IMPLEMENTATIONS = YES;
				CLANG_WARN_DIRECT_OBJC_ISA_USAGE = YES_ERROR;
				CLANG_WARN_DOCUMENTATION_COMMENTS = YES;
				CLANG_WARN_EMPTY_BODY = YES;
				CLANG_WARN_ENUM_CONVERSION = YES;
				CLANG_WARN_INFINITE_RECURSION = YES;
				CLANG_WARN_INT_CONVERSION = YES;
				CLANG_WARN_NON_LITERAL_NULL_CONVERSION = YES;
				CLANG_WARN_OBJC_IMPLICIT_RETAIN_SELF = YES;
				CLANG_WARN_OBJC_LITERAL_CONVERSION = YES;
				CLANG_WARN_OBJC_ROOT_CLASS = YES_ERROR;
				CLANG_WARN_RANGE_LOOP_ANALYSIS = YES;
				CLANG_WARN_STRICT_PROTOTYPES = YES;
				CLANG_WARN_SUSPICIOUS_MOVE = YES;
				CLANG_WARN_UNGUARDED_AVAILABILITY = YES_AGGRESSIVE;
				CLANG_WARN_UNREACHABLE_CODE = YES;
				CLANG_WARN__DUPLICATE_METHOD_MATCH = YES;
				COPY_PHASE_STRIP = NO;
				DEBUG_INFORMATION_FORMAT = dwarf;
				ENABLE_STRICT_OBJC_MSGSEND = YES;
				ENABLE_TESTABILITY = YES;
				GCC_C_LANGUAGE_STANDARD = gnu11;
				GCC_DYNAMIC_NO_PIC = NO;
				GCC_NO_COMMON_BLOCKS = YES;
				GCC_OPTIMIZATION_LEVEL = 0;
				GCC_PREPROCESSOR_DEFINITIONS = (
					"DEBUG=1",
					"$(inherited)",
				);
				GCC_WARN_64_TO_32_BIT_CONVERSION = YES;
				GCC_WARN_ABOUT_RETURN_TYPE = YES_ERROR;
				GCC_WARN_UNDECLARED_SELECTOR = YES;
				GCC_WARN_UNINITIALIZED_AUTOS = YES_AGGRESSIVE;
				GCC_WARN_UNUSED_FUNCTION = YES;
				GCC_WARN_UNUSED_VARIABLE = YES;
				IPHONEOS_DEPLOYMENT_TARGET = 13.2;
				MTL_ENABLE_DEBUG_INFO = INCLUDE_SOURCE;
				MTL_FAST_MATH = YES;
				ONLY_ACTIVE_ARCH = YES;
				SDKROOT = iphoneos;
				SWIFT_ACTIVE_COMPILATION_CONDITIONS = DEBUG;
				SWIFT_OPTIMIZATION_LEVEL = "-Onone";
			};
			name = Debug;
		};
		B36FE0CD23E2E24B00F2665B /* Release */ = {
			isa = XCBuildConfiguration;
			buildSettings = {
				ALWAYS_SEARCH_USER_PATHS = NO;
				CLANG_ANALYZER_NONNULL = YES;
				CLANG_ANALYZER_NUMBER_OBJECT_CONVERSION = YES_AGGRESSIVE;
				CLANG_CXX_LANGUAGE_STANDARD = "gnu++14";
				CLANG_CXX_LIBRARY = "libc++";
				CLANG_ENABLE_MODULES = YES;
				CLANG_ENABLE_OBJC_ARC = YES;
				CLANG_ENABLE_OBJC_WEAK = YES;
				CLANG_WARN_BLOCK_CAPTURE_AUTORELEASING = YES;
				CLANG_WARN_BOOL_CONVERSION = YES;
				CLANG_WARN_COMMA = YES;
				CLANG_WARN_CONSTANT_CONVERSION = YES;
				CLANG_WARN_DEPRECATED_OBJC_IMPLEMENTATIONS = YES;
				CLANG_WARN_DIRECT_OBJC_ISA_USAGE = YES_ERROR;
				CLANG_WARN_DOCUMENTATION_COMMENTS = YES;
				CLANG_WARN_EMPTY_BODY = YES;
				CLANG_WARN_ENUM_CONVERSION = YES;
				CLANG_WARN_INFINITE_RECURSION = YES;
				CLANG_WARN_INT_CONVERSION = YES;
				CLANG_WARN_NON_LITERAL_NULL_CONVERSION = YES;
				CLANG_WARN_OBJC_IMPLICIT_RETAIN_SELF = YES;
				CLANG_WARN_OBJC_LITERAL_CONVERSION = YES;
				CLANG_WARN_OBJC_ROOT_CLASS = YES_ERROR;
				CLANG_WARN_RANGE_LOOP_ANALYSIS = YES;
				CLANG_WARN_STRICT_PROTOTYPES = YES;
				CLANG_WARN_SUSPICIOUS_MOVE = YES;
				CLANG_WARN_UNGUARDED_AVAILABILITY = YES_AGGRESSIVE;
				CLANG_WARN_UNREACHABLE_CODE = YES;
				CLANG_WARN__DUPLICATE_METHOD_MATCH = YES;
				COPY_PHASE_STRIP = NO;
				DEBUG_INFORMATION_FORMAT = "dwarf-with-dsym";
				ENABLE_NS_ASSERTIONS = NO;
				ENABLE_STRICT_OBJC_MSGSEND = YES;
				GCC_C_LANGUAGE_STANDARD = gnu11;
				GCC_NO_COMMON_BLOCKS = YES;
				GCC_WARN_64_TO_32_BIT_CONVERSION = YES;
				GCC_WARN_ABOUT_RETURN_TYPE = YES_ERROR;
				GCC_WARN_UNDECLARED_SELECTOR = YES;
				GCC_WARN_UNINITIALIZED_AUTOS = YES_AGGRESSIVE;
				GCC_WARN_UNUSED_FUNCTION = YES;
				GCC_WARN_UNUSED_VARIABLE = YES;
				IPHONEOS_DEPLOYMENT_TARGET = 13.2;
				MTL_ENABLE_DEBUG_INFO = NO;
				MTL_FAST_MATH = YES;
				SDKROOT = iphoneos;
				SWIFT_COMPILATION_MODE = wholemodule;
				SWIFT_OPTIMIZATION_LEVEL = "-O";
				VALIDATE_PRODUCT = YES;
			};
			name = Release;
		};
		B36FE0CF23E2E24B00F2665B /* Debug */ = {
			isa = XCBuildConfiguration;
			buildSettings = {
				ASSETCATALOG_COMPILER_APPICON_NAME = AppIcon;
				CODE_SIGN_STYLE = Automatic;
				DEVELOPMENT_ASSET_PATHS = "\"Movies/Preview Content\"";
				ENABLE_PREVIEWS = YES;
				INFOPLIST_FILE = Movies/Info.plist;
				LD_RUNPATH_SEARCH_PATHS = (
					"$(inherited)",
					"@executable_path/Frameworks",
				);
				PRODUCT_BUNDLE_IDENTIFIER = "com.-.Movies";
				PRODUCT_NAME = "$(TARGET_NAME)";
				SWIFT_VERSION = 5.0;
				TARGETED_DEVICE_FAMILY = "1,2";
			};
			name = Debug;
		};
		B36FE0D023E2E24B00F2665B /* Release */ = {
			isa = XCBuildConfiguration;
			buildSettings = {
				ASSETCATALOG_COMPILER_APPICON_NAME = AppIcon;
				CODE_SIGN_STYLE = Automatic;
				DEVELOPMENT_ASSET_PATHS = "\"Movies/Preview Content\"";
				ENABLE_PREVIEWS = YES;
				INFOPLIST_FILE = Movies/Info.plist;
				LD_RUNPATH_SEARCH_PATHS = (
					"$(inherited)",
					"@executable_path/Frameworks",
				);
				PRODUCT_BUNDLE_IDENTIFIER = "com.-.Movies";
				PRODUCT_NAME = "$(TARGET_NAME)";
				SWIFT_VERSION = 5.0;
				TARGETED_DEVICE_FAMILY = "1,2";
			};
			name = Release;
		};
		B36FE0D223E2E24B00F2665B /* Debug */ = {
			isa = XCBuildConfiguration;
			buildSettings = {
				ALWAYS_EMBED_SWIFT_STANDARD_LIBRARIES = YES;
				BUNDLE_LOADER = "$(TEST_HOST)";
				CODE_SIGN_STYLE = Automatic;
				INFOPLIST_FILE = MoviesTests/Info.plist;
				IPHONEOS_DEPLOYMENT_TARGET = 13.2;
				LD_RUNPATH_SEARCH_PATHS = (
					"$(inherited)",
					"@executable_path/Frameworks",
					"@loader_path/Frameworks",
				);
				PRODUCT_BUNDLE_IDENTIFIER = "com.-.MoviesTests";
				PRODUCT_NAME = "$(TARGET_NAME)";
				SWIFT_VERSION = 5.0;
				TARGETED_DEVICE_FAMILY = "1,2";
				TEST_HOST = "$(BUILT_PRODUCTS_DIR)/Movies.app/Movies";
			};
			name = Debug;
		};
		B36FE0D323E2E24B00F2665B /* Release */ = {
			isa = XCBuildConfiguration;
			buildSettings = {
				ALWAYS_EMBED_SWIFT_STANDARD_LIBRARIES = YES;
				BUNDLE_LOADER = "$(TEST_HOST)";
				CODE_SIGN_STYLE = Automatic;
				INFOPLIST_FILE = MoviesTests/Info.plist;
				IPHONEOS_DEPLOYMENT_TARGET = 13.2;
				LD_RUNPATH_SEARCH_PATHS = (
					"$(inherited)",
					"@executable_path/Frameworks",
					"@loader_path/Frameworks",
				);
				PRODUCT_BUNDLE_IDENTIFIER = "com.-.MoviesTests";
				PRODUCT_NAME = "$(TARGET_NAME)";
				SWIFT_VERSION = 5.0;
				TARGETED_DEVICE_FAMILY = "1,2";
				TEST_HOST = "$(BUILT_PRODUCTS_DIR)/Movies.app/Movies";
			};
			name = Release;
		};
		B36FE0D523E2E24B00F2665B /* Debug */ = {
			isa = XCBuildConfiguration;
			buildSettings = {
				ALWAYS_EMBED_SWIFT_STANDARD_LIBRARIES = YES;
				CODE_SIGN_STYLE = Automatic;
				INFOPLIST_FILE = MoviesUITests/Info.plist;
				LD_RUNPATH_SEARCH_PATHS = (
					"$(inherited)",
					"@executable_path/Frameworks",
					"@loader_path/Frameworks",
				);
				PRODUCT_BUNDLE_IDENTIFIER = "com.-.MoviesUITests";
				PRODUCT_NAME = "$(TARGET_NAME)";
				SWIFT_VERSION = 5.0;
				TARGETED_DEVICE_FAMILY = "1,2";
				TEST_TARGET_NAME = Movies;
			};
			name = Debug;
		};
		B36FE0D623E2E24B00F2665B /* Release */ = {
			isa = XCBuildConfiguration;
			buildSettings = {
				ALWAYS_EMBED_SWIFT_STANDARD_LIBRARIES = YES;
				CODE_SIGN_STYLE = Automatic;
				INFOPLIST_FILE = MoviesUITests/Info.plist;
				LD_RUNPATH_SEARCH_PATHS = (
					"$(inherited)",
					"@executable_path/Frameworks",
					"@loader_path/Frameworks",
				);
				PRODUCT_BUNDLE_IDENTIFIER = "com.-.MoviesUITests";
				PRODUCT_NAME = "$(TARGET_NAME)";
				SWIFT_VERSION = 5.0;
				TARGETED_DEVICE_FAMILY = "1,2";
				TEST_TARGET_NAME = Movies;
			};
			name = Release;
		};
/* End XCBuildConfiguration section */

/* Begin XCConfigurationList section */
		B36FE09F23E2E24A00F2665B /* Build configuration list for PBXProject "Movies" */ = {
			isa = XCConfigurationList;
			buildConfigurations = (
				B36FE0CC23E2E24B00F2665B /* Debug */,
				B36FE0CD23E2E24B00F2665B /* Release */,
			);
			defaultConfigurationIsVisible = 0;
			defaultConfigurationName = Release;
		};
		B36FE0CE23E2E24B00F2665B /* Build configuration list for PBXNativeTarget "Movies" */ = {
			isa = XCConfigurationList;
			buildConfigurations = (
				B36FE0CF23E2E24B00F2665B /* Debug */,
				B36FE0D023E2E24B00F2665B /* Release */,
			);
			defaultConfigurationIsVisible = 0;
			defaultConfigurationName = Release;
		};
		B36FE0D123E2E24B00F2665B /* Build configuration list for PBXNativeTarget "MoviesTests" */ = {
			isa = XCConfigurationList;
			buildConfigurations = (
				B36FE0D223E2E24B00F2665B /* Debug */,
				B36FE0D323E2E24B00F2665B /* Release */,
			);
			defaultConfigurationIsVisible = 0;
			defaultConfigurationName = Release;
		};
		B36FE0D423E2E24B00F2665B /* Build configuration list for PBXNativeTarget "MoviesUITests" */ = {
			isa = XCConfigurationList;
			buildConfigurations = (
				B36FE0D523E2E24B00F2665B /* Debug */,
				B36FE0D623E2E24B00F2665B /* Release */,
			);
			defaultConfigurationIsVisible = 0;
			defaultConfigurationName = Release;
		};
/* End XCConfigurationList section */
	};
	rootObject = B36FE09C23E2E24A00F2665B /* Project object */;
}
